// !$*UTF8*$!
{
	archiveVersion = 1;
	classes = {
	};
	objectVersion = 46;
	objects = {

/* Begin PBXBuildFile section */
		1099D76F77EE2C252E7D5F35 /* Pods_iChallenge.framework in Frameworks */ = {isa = PBXBuildFile; fileRef = 53B4D8287C29A029F36737AD /* Pods_iChallenge.framework */; };
		E24246411D2D723B00793533 /* ChallengeViewController.swift in Sources */ = {isa = PBXBuildFile; fileRef = E24246401D2D723B00793533 /* ChallengeViewController.swift */; };
		E24246461D2D7A5A00793533 /* Challenge.storyboard in Resources */ = {isa = PBXBuildFile; fileRef = E24246441D2D7A5A00793533 /* Challenge.storyboard */; };
		E242464B1D2D80BD00793533 /* MainCollectionViewCell.swift in Sources */ = {isa = PBXBuildFile; fileRef = E242464A1D2D80BD00793533 /* MainCollectionViewCell.swift */; };
		E242464D1D2DA69000793533 /* MainCollectionReusableView.swift in Sources */ = {isa = PBXBuildFile; fileRef = E242464C1D2DA69000793533 /* MainCollectionReusableView.swift */; };
		E24246501D2DB2DE00793533 /* Challenge.swift in Sources */ = {isa = PBXBuildFile; fileRef = E242464F1D2DB2DE00793533 /* Challenge.swift */; };
		E261254E1D30161200BB1274 /* PhotoTakingHelper.swift in Sources */ = {isa = PBXBuildFile; fileRef = E261254D1D30161200BB1274 /* PhotoTakingHelper.swift */; };
		E2EE73F01D2C9C0F00977AAA /* ForgotPasswordViewController.swift in Sources */ = {isa = PBXBuildFile; fileRef = E2EE73EB1D2C9C0F00977AAA /* ForgotPasswordViewController.swift */; };
		E2EE73F21D2C9C0F00977AAA /* SignupLogin.storyboard in Resources */ = {isa = PBXBuildFile; fileRef = E2EE73ED1D2C9C0F00977AAA /* SignupLogin.storyboard */; };
		E2EE73F31D2C9C0F00977AAA /* SignupViewController.swift in Sources */ = {isa = PBXBuildFile; fileRef = E2EE73EE1D2C9C0F00977AAA /* SignupViewController.swift */; };
		E2EE73F41D2C9C0F00977AAA /* WelcomeViewController.swift in Sources */ = {isa = PBXBuildFile; fileRef = E2EE73EF1D2C9C0F00977AAA /* WelcomeViewController.swift */; };
		E2EE74051D2CDA5E00977AAA /* CustomAnimation.swift in Sources */ = {isa = PBXBuildFile; fileRef = E2EE74021D2CDA5E00977AAA /* CustomAnimation.swift */; };
		E2EE74061D2CDA5E00977AAA /* UIColor+Extras.swift in Sources */ = {isa = PBXBuildFile; fileRef = E2EE74031D2CDA5E00977AAA /* UIColor+Extras.swift */; };
		E2EE74071D2CDA5E00977AAA /* UIView+Extensions.swift in Sources */ = {isa = PBXBuildFile; fileRef = E2EE74041D2CDA5E00977AAA /* UIView+Extensions.swift */; };
		E2EE740B1D2CDA7300977AAA /* PagedScrollViewController.swift in Sources */ = {isa = PBXBuildFile; fileRef = E2EE740A1D2CDA7300977AAA /* PagedScrollViewController.swift */; };
		E2EE74131D2CDB3A00977AAA /* Assets.xcassets in Resources */ = {isa = PBXBuildFile; fileRef = E2EE740D1D2CDB3A00977AAA /* Assets.xcassets */; };
		E2EE74151D2CDB3A00977AAA /* Main.storyboard in Resources */ = {isa = PBXBuildFile; fileRef = E2EE74111D2CDB3A00977AAA /* Main.storyboard */; };
		E2EE74181D2CDB7B00977AAA /* MainViewController.swift in Sources */ = {isa = PBXBuildFile; fileRef = E2EE74171D2CDB7B00977AAA /* MainViewController.swift */; };
		E71769411D3DEA8E00CA167A /* GoogleService-Info.plist in Resources */ = {isa = PBXBuildFile; fileRef = E71769401D3DEA8E00CA167A /* GoogleService-Info.plist */; };
		E742E0151D3D5CB8008543F9 /* User.swift in Sources */ = {isa = PBXBuildFile; fileRef = E742E0141D3D5CB8008543F9 /* User.swift */; };
		E7596AC21D3FE6E000FA1884 /* FirebaseHelper.swift in Sources */ = {isa = PBXBuildFile; fileRef = E7596AC11D3FE6E000FA1884 /* FirebaseHelper.swift */; };
		E75A256C1D47E4A0008014EB /* CreateChallengeViewController.swift in Sources */ = {isa = PBXBuildFile; fileRef = E75A256B1D47E4A0008014EB /* CreateChallengeViewController.swift */; };
		E75A25B21D47E515008014EB /* CreateChallengeViewCell.swift in Sources */ = {isa = PBXBuildFile; fileRef = E75A25B11D47E515008014EB /* CreateChallengeViewCell.swift */; };
		E75A25B51D47E578008014EB /* CreateChallenge.storyboard in Resources */ = {isa = PBXBuildFile; fileRef = E75A25B31D47E578008014EB /* CreateChallenge.storyboard */; };
		E782BACC1D3EC57F00B0830C /* FriendSearch.storyboard in Resources */ = {isa = PBXBuildFile; fileRef = E782BACB1D3EC57F00B0830C /* FriendSearch.storyboard */; };
		E782BACE1D3ECA5200B0830C /* FriendSearchViewController.swift in Sources */ = {isa = PBXBuildFile; fileRef = E782BACD1D3ECA5200B0830C /* FriendSearchViewController.swift */; };
		E782BAD21D3ECE7D00B0830C /* FriendSearchViewCell.swift in Sources */ = {isa = PBXBuildFile; fileRef = E782BAD11D3ECE7D00B0830C /* FriendSearchViewCell.swift */; };
		E7E786011D2845CE005FB7B3 /* AppDelegate.swift in Sources */ = {isa = PBXBuildFile; fileRef = E7E786001D2845CE005FB7B3 /* AppDelegate.swift */; };
/* End PBXBuildFile section */

/* Begin PBXFileReference section */
		21B335325C9FE751B0374B27 /* Pods-iChallenge.debug.xcconfig */ = {isa = PBXFileReference; includeInIndex = 1; lastKnownFileType = text.xcconfig; name = "Pods-iChallenge.debug.xcconfig"; path = "Pods/Target Support Files/Pods-iChallenge/Pods-iChallenge.debug.xcconfig"; sourceTree = "<group>"; };
		53B4D8287C29A029F36737AD /* Pods_iChallenge.framework */ = {isa = PBXFileReference; explicitFileType = wrapper.framework; includeInIndex = 0; path = Pods_iChallenge.framework; sourceTree = BUILT_PRODUCTS_DIR; };
		57100A7A0D4E5825BC4F5D6C /* Pods-iChallenge.release.xcconfig */ = {isa = PBXFileReference; includeInIndex = 1; lastKnownFileType = text.xcconfig; name = "Pods-iChallenge.release.xcconfig"; path = "Pods/Target Support Files/Pods-iChallenge/Pods-iChallenge.release.xcconfig"; sourceTree = "<group>"; };
		E24246401D2D723B00793533 /* ChallengeViewController.swift */ = {isa = PBXFileReference; fileEncoding = 4; lastKnownFileType = sourcecode.swift; name = ChallengeViewController.swift; path = Challenge/ChallengeViewController.swift; sourceTree = "<group>"; };
		E24246451D2D7A5A00793533 /* Base */ = {isa = PBXFileReference; lastKnownFileType = file.storyboard; name = Base; path = "Supporting Files/Base.lproj/Challenge.storyboard"; sourceTree = "<group>"; };
		E242464A1D2D80BD00793533 /* MainCollectionViewCell.swift */ = {isa = PBXFileReference; fileEncoding = 4; lastKnownFileType = sourcecode.swift; name = MainCollectionViewCell.swift; path = Timeline/MainCollectionViewCell.swift; sourceTree = "<group>"; };
		E242464C1D2DA69000793533 /* MainCollectionReusableView.swift */ = {isa = PBXFileReference; fileEncoding = 4; lastKnownFileType = sourcecode.swift; name = MainCollectionReusableView.swift; path = Timeline/MainCollectionReusableView.swift; sourceTree = "<group>"; };
		E242464F1D2DB2DE00793533 /* Challenge.swift */ = {isa = PBXFileReference; fileEncoding = 4; lastKnownFileType = sourcecode.swift; name = Challenge.swift; path = "Data Model/Challenge.swift"; sourceTree = "<group>"; };
		E261254D1D30161200BB1274 /* PhotoTakingHelper.swift */ = {isa = PBXFileReference; fileEncoding = 4; lastKnownFileType = sourcecode.swift; path = PhotoTakingHelper.swift; sourceTree = "<group>"; };
		E2EE73EB1D2C9C0F00977AAA /* ForgotPasswordViewController.swift */ = {isa = PBXFileReference; fileEncoding = 4; lastKnownFileType = sourcecode.swift; name = ForgotPasswordViewController.swift; path = Authentication/ForgotPasswordViewController.swift; sourceTree = "<group>"; };
		E2EE73ED1D2C9C0F00977AAA /* SignupLogin.storyboard */ = {isa = PBXFileReference; fileEncoding = 4; lastKnownFileType = file.storyboard; name = SignupLogin.storyboard; path = Authentication/SignupLogin.storyboard; sourceTree = "<group>"; };
		E2EE73EE1D2C9C0F00977AAA /* SignupViewController.swift */ = {isa = PBXFileReference; fileEncoding = 4; lastKnownFileType = sourcecode.swift; name = SignupViewController.swift; path = Authentication/SignupViewController.swift; sourceTree = "<group>"; };
		E2EE73EF1D2C9C0F00977AAA /* WelcomeViewController.swift */ = {isa = PBXFileReference; fileEncoding = 4; lastKnownFileType = sourcecode.swift; name = WelcomeViewController.swift; path = Authentication/WelcomeViewController.swift; sourceTree = "<group>"; };
		E2EE74021D2CDA5E00977AAA /* CustomAnimation.swift */ = {isa = PBXFileReference; fileEncoding = 4; lastKnownFileType = sourcecode.swift; name = CustomAnimation.swift; path = Extensions/CustomAnimation.swift; sourceTree = "<group>"; };
		E2EE74031D2CDA5E00977AAA /* UIColor+Extras.swift */ = {isa = PBXFileReference; fileEncoding = 4; lastKnownFileType = sourcecode.swift; name = "UIColor+Extras.swift"; path = "Extensions/UIColor+Extras.swift"; sourceTree = "<group>"; };
		E2EE74041D2CDA5E00977AAA /* UIView+Extensions.swift */ = {isa = PBXFileReference; fileEncoding = 4; lastKnownFileType = sourcecode.swift; name = "UIView+Extensions.swift"; path = "Extensions/UIView+Extensions.swift"; sourceTree = "<group>"; };
		E2EE740A1D2CDA7300977AAA /* PagedScrollViewController.swift */ = {isa = PBXFileReference; fileEncoding = 4; lastKnownFileType = sourcecode.swift; name = PagedScrollViewController.swift; path = Onboarding/PagedScrollViewController.swift; sourceTree = "<group>"; };
		E2EE740D1D2CDB3A00977AAA /* Assets.xcassets */ = {isa = PBXFileReference; lastKnownFileType = folder.assetcatalog; name = Assets.xcassets; path = "Supporting Files/Assets.xcassets"; sourceTree = "<group>"; };
		E2EE74121D2CDB3A00977AAA /* Base */ = {isa = PBXFileReference; lastKnownFileType = file.storyboard; name = Base; path = Main.storyboard; sourceTree = "<group>"; };
		E2EE74171D2CDB7B00977AAA /* MainViewController.swift */ = {isa = PBXFileReference; fileEncoding = 4; lastKnownFileType = sourcecode.swift; name = MainViewController.swift; path = Timeline/MainViewController.swift; sourceTree = "<group>"; };
		E71769401D3DEA8E00CA167A /* GoogleService-Info.plist */ = {isa = PBXFileReference; fileEncoding = 4; lastKnownFileType = text.plist.xml; path = "GoogleService-Info.plist"; sourceTree = "<group>"; };
		E742E0141D3D5CB8008543F9 /* User.swift */ = {isa = PBXFileReference; fileEncoding = 4; lastKnownFileType = sourcecode.swift; path = User.swift; sourceTree = "<group>"; };
		E7596AC11D3FE6E000FA1884 /* FirebaseHelper.swift */ = {isa = PBXFileReference; fileEncoding = 4; lastKnownFileType = sourcecode.swift; path = FirebaseHelper.swift; sourceTree = "<group>"; };
		E75A256B1D47E4A0008014EB /* CreateChallengeViewController.swift */ = {isa = PBXFileReference; fileEncoding = 4; lastKnownFileType = sourcecode.swift; name = CreateChallengeViewController.swift; path = iChallenge/Challenge/CreateChallengeViewController.swift; sourceTree = SOURCE_ROOT; };
		E75A25B11D47E515008014EB /* CreateChallengeViewCell.swift */ = {isa = PBXFileReference; fileEncoding = 4; lastKnownFileType = sourcecode.swift; name = CreateChallengeViewCell.swift; path = iChallenge/CreateChallengeViewCell.swift; sourceTree = SOURCE_ROOT; };
		E75A25B41D47E578008014EB /* Base */ = {isa = PBXFileReference; lastKnownFileType = file.storyboard; name = Base; path = "iChallenge/Supporting Files/Base.lproj/CreateChallenge.storyboard"; sourceTree = SOURCE_ROOT; };
		E782BACB1D3EC57F00B0830C /* FriendSearch.storyboard */ = {isa = PBXFileReference; fileEncoding = 4; lastKnownFileType = file.storyboard; path = FriendSearch.storyboard; sourceTree = "<group>"; };
		E782BACD1D3ECA5200B0830C /* FriendSearchViewController.swift */ = {isa = PBXFileReference; fileEncoding = 4; lastKnownFileType = sourcecode.swift; path = FriendSearchViewController.swift; sourceTree = "<group>"; };
		E782BAD11D3ECE7D00B0830C /* FriendSearchViewCell.swift */ = {isa = PBXFileReference; fileEncoding = 4; lastKnownFileType = sourcecode.swift; path = FriendSearchViewCell.swift; sourceTree = "<group>"; };
		E7E785FD1D2845CE005FB7B3 /* iChallenge.app */ = {isa = PBXFileReference; explicitFileType = wrapper.application; includeInIndex = 0; path = iChallenge.app; sourceTree = BUILT_PRODUCTS_DIR; };
		E7E786001D2845CE005FB7B3 /* AppDelegate.swift */ = {isa = PBXFileReference; lastKnownFileType = sourcecode.swift; path = AppDelegate.swift; sourceTree = "<group>"; };
		E7E7860C1D2845CE005FB7B3 /* Info.plist */ = {isa = PBXFileReference; lastKnownFileType = text.plist.xml; path = Info.plist; sourceTree = "<group>"; };
/* End PBXFileReference section */

/* Begin PBXFrameworksBuildPhase section */
		E7E785FA1D2845CE005FB7B3 /* Frameworks */ = {
			isa = PBXFrameworksBuildPhase;
			buildActionMask = 2147483647;
			files = (
				1099D76F77EE2C252E7D5F35 /* Pods_iChallenge.framework in Frameworks */,
			);
			runOnlyForDeploymentPostprocessing = 0;
		};
/* End PBXFrameworksBuildPhase section */

/* Begin PBXGroup section */
		0913EB7DF57155723F1F85FD /* Frameworks */ = {
			isa = PBXGroup;
			children = (
				53B4D8287C29A029F36737AD /* Pods_iChallenge.framework */,
			);
			name = Frameworks;
			sourceTree = "<group>";
		};
		7F122D3105EB22589E86EF69 /* Pods */ = {
			isa = PBXGroup;
			children = (
				21B335325C9FE751B0374B27 /* Pods-iChallenge.debug.xcconfig */,
				57100A7A0D4E5825BC4F5D6C /* Pods-iChallenge.release.xcconfig */,
			);
			name = Pods;
			sourceTree = "<group>";
		};
		E22D72DE1D2ED159007BF03A /* Helpers */ = {
			isa = PBXGroup;
			children = (
				E261254D1D30161200BB1274 /* PhotoTakingHelper.swift */,
				E7596AC11D3FE6E000FA1884 /* FirebaseHelper.swift */,
			);
			name = Helpers;
			sourceTree = "<group>";
		};
		E242463B1D2D719000793533 /* Friend Search */ = {
			isa = PBXGroup;
			children = (
				E782BACB1D3EC57F00B0830C /* FriendSearch.storyboard */,
				E782BACD1D3ECA5200B0830C /* FriendSearchViewController.swift */,
				E782BAD11D3ECE7D00B0830C /* FriendSearchViewCell.swift */,
			);
			name = "Friend Search";
			sourceTree = "<group>";
		};
		E242463E1D2D71F300793533 /* Challenge */ = {
			isa = PBXGroup;
			children = (
				E24246441D2D7A5A00793533 /* Challenge.storyboard */,
				E24246401D2D723B00793533 /* ChallengeViewController.swift */,
			);
			name = Challenge;
			sourceTree = "<group>";
		};
		E242464E1D2DB2C800793533 /* Data Model */ = {
			isa = PBXGroup;
			children = (
				E242464F1D2DB2DE00793533 /* Challenge.swift */,
				E742E0141D3D5CB8008543F9 /* User.swift */,
			);
			name = "Data Model";
			sourceTree = "<group>";
		};
		E2EE73CC1D2C83BF00977AAA /* Authentication */ = {
			isa = PBXGroup;
			children = (
				E2EE73ED1D2C9C0F00977AAA /* SignupLogin.storyboard */,
				E2EE73EF1D2C9C0F00977AAA /* WelcomeViewController.swift */,
				E2EE73EE1D2C9C0F00977AAA /* SignupViewController.swift */,
				E2EE73EB1D2C9C0F00977AAA /* ForgotPasswordViewController.swift */,
			);
			name = Authentication;
			sourceTree = "<group>";
		};
		E2EE73F51D2C9D3500977AAA /* Constants */ = {
			isa = PBXGroup;
			children = (
			);
			name = Constants;
			sourceTree = "<group>";
		};
		E2EE73F61D2C9D3C00977AAA /* Extensions */ = {
			isa = PBXGroup;
			children = (
				E2EE74021D2CDA5E00977AAA /* CustomAnimation.swift */,
				E2EE74031D2CDA5E00977AAA /* UIColor+Extras.swift */,
				E2EE74041D2CDA5E00977AAA /* UIView+Extensions.swift */,
			);
			name = Extensions;
			sourceTree = "<group>";
		};
		E2EE74011D2CDA0600977AAA /* Onboarding */ = {
			isa = PBXGroup;
			children = (
				E2EE740A1D2CDA7300977AAA /* PagedScrollViewController.swift */,
			);
			name = Onboarding;
			sourceTree = "<group>";
		};
		E2EE740C1D2CDA9A00977AAA /* Supporting Files */ = {
			isa = PBXGroup;
			children = (
				E2EE740D1D2CDB3A00977AAA /* Assets.xcassets */,
				E7E7860C1D2845CE005FB7B3 /* Info.plist */,
			);
			name = "Supporting Files";
			sourceTree = "<group>";
		};
		E2EE74161D2CDB6D00977AAA /* Main */ = {
			isa = PBXGroup;
			children = (
				E2EE74111D2CDB3A00977AAA /* Main.storyboard */,
				E2EE74171D2CDB7B00977AAA /* MainViewController.swift */,
				E242464A1D2D80BD00793533 /* MainCollectionViewCell.swift */,
				E242464C1D2DA69000793533 /* MainCollectionReusableView.swift */,
			);
			name = Main;
			sourceTree = "<group>";
		};
		E79EC15A1D37F630001B307B /* Create Challenge */ = {
			isa = PBXGroup;
			children = (
				E75A25B31D47E578008014EB /* CreateChallenge.storyboard */,
				E75A256B1D47E4A0008014EB /* CreateChallengeViewController.swift */,
				E75A25B11D47E515008014EB /* CreateChallengeViewCell.swift */,
			);
			path = "Create Challenge";
			sourceTree = "<group>";
		};
		E7E785F41D2845CE005FB7B3 = {
			isa = PBXGroup;
			children = (
				E7E785FF1D2845CE005FB7B3 /* iChallenge */,
				E7E785FE1D2845CE005FB7B3 /* Products */,
				7F122D3105EB22589E86EF69 /* Pods */,
				0913EB7DF57155723F1F85FD /* Frameworks */,
			);
			sourceTree = "<group>";
		};
		E7E785FE1D2845CE005FB7B3 /* Products */ = {
			isa = PBXGroup;
			children = (
				E7E785FD1D2845CE005FB7B3 /* iChallenge.app */,
			);
			name = Products;
			sourceTree = "<group>";
		};
		E7E785FF1D2845CE005FB7B3 /* iChallenge */ = {
			isa = PBXGroup;
			children = (
				E7E786001D2845CE005FB7B3 /* AppDelegate.swift */,
				E71769401D3DEA8E00CA167A /* GoogleService-Info.plist */,
				E2EE74011D2CDA0600977AAA /* Onboarding */,
				E2EE73CC1D2C83BF00977AAA /* Authentication */,
				E2EE74161D2CDB6D00977AAA /* Main */,
				E242463B1D2D719000793533 /* Friend Search */,
				E79EC15A1D37F630001B307B /* Create Challenge */,
				E242463E1D2D71F300793533 /* Challenge */,
				E22D72DE1D2ED159007BF03A /* Helpers */,
				E242464E1D2DB2C800793533 /* Data Model */,
				E2EE73F61D2C9D3C00977AAA /* Extensions */,
				E2EE73F51D2C9D3500977AAA /* Constants */,
				E2EE740C1D2CDA9A00977AAA /* Supporting Files */,
			);
			path = iChallenge;
			sourceTree = "<group>";
		};
/* End PBXGroup section */

/* Begin PBXNativeTarget section */
		E7E785FC1D2845CE005FB7B3 /* iChallenge */ = {
			isa = PBXNativeTarget;
			buildConfigurationList = E7E7860F1D2845CE005FB7B3 /* Build configuration list for PBXNativeTarget "iChallenge" */;
			buildPhases = (
				C40865DBA6E78B671802B4AD /* [CP] Check Pods Manifest.lock */,
				872C4752B834AA564A1D86A0 /* [CP] Check Pods Manifest.lock */,
				E7E785F91D2845CE005FB7B3 /* Sources */,
				E7E785FA1D2845CE005FB7B3 /* Frameworks */,
				E7E785FB1D2845CE005FB7B3 /* Resources */,
				B8AACD57A69C056DED987815 /* [CP] Embed Pods Frameworks */,
				EDF987C0AE95AECB1387F8EF /* [CP] Copy Pods Resources */,
			);
			buildRules = (
			);
			dependencies = (
			);
			name = iChallenge;
			productName = iChallenge;
			productReference = E7E785FD1D2845CE005FB7B3 /* iChallenge.app */;
			productType = "com.apple.product-type.application";
		};
/* End PBXNativeTarget section */

/* Begin PBXProject section */
		E7E785F51D2845CE005FB7B3 /* Project object */ = {
			isa = PBXProject;
			attributes = {
				LastSwiftUpdateCheck = 0730;
				LastUpgradeCheck = 0730;
				ORGANIZATIONNAME = "Gian Franco Vitola";
				TargetAttributes = {
					E7E785FC1D2845CE005FB7B3 = {
						CreatedOnToolsVersion = 7.3.1;
					};
				};
			};
			buildConfigurationList = E7E785F81D2845CE005FB7B3 /* Build configuration list for PBXProject "iChallenge" */;
			compatibilityVersion = "Xcode 3.2";
			developmentRegion = English;
			hasScannedForEncodings = 0;
			knownRegions = (
				en,
				Base,
			);
			mainGroup = E7E785F41D2845CE005FB7B3;
			productRefGroup = E7E785FE1D2845CE005FB7B3 /* Products */;
			projectDirPath = "";
			projectRoot = "";
			targets = (
				E7E785FC1D2845CE005FB7B3 /* iChallenge */,
			);
		};
/* End PBXProject section */

/* Begin PBXResourcesBuildPhase section */
		E7E785FB1D2845CE005FB7B3 /* Resources */ = {
			isa = PBXResourcesBuildPhase;
			buildActionMask = 2147483647;
			files = (
				E75A25B51D47E578008014EB /* CreateChallenge.storyboard in Resources */,
				E24246461D2D7A5A00793533 /* Challenge.storyboard in Resources */,
				E2EE74131D2CDB3A00977AAA /* Assets.xcassets in Resources */,
				E2EE73F21D2C9C0F00977AAA /* SignupLogin.storyboard in Resources */,
				E2EE74151D2CDB3A00977AAA /* Main.storyboard in Resources */,
				E782BACC1D3EC57F00B0830C /* FriendSearch.storyboard in Resources */,
				E71769411D3DEA8E00CA167A /* GoogleService-Info.plist in Resources */,
			);
			runOnlyForDeploymentPostprocessing = 0;
		};
/* End PBXResourcesBuildPhase section */

/* Begin PBXShellScriptBuildPhase section */
		872C4752B834AA564A1D86A0 /* [CP] Check Pods Manifest.lock */ = {
			isa = PBXShellScriptBuildPhase;
			buildActionMask = 2147483647;
			files = (
			);
			inputPaths = (
			);
			name = "[CP] Check Pods Manifest.lock";
			outputPaths = (
			);
			runOnlyForDeploymentPostprocessing = 0;
			shellPath = /bin/sh;
			shellScript = "diff \"${PODS_ROOT}/../Podfile.lock\" \"${PODS_ROOT}/Manifest.lock\" > /dev/null\nif [[ $? != 0 ]] ; then\n    cat << EOM\nerror: The sandbox is not in sync with the Podfile.lock. Run 'pod install' or update your CocoaPods installation.\nEOM\n    exit 1\nfi\n";
			showEnvVarsInLog = 0;
		};
		B8AACD57A69C056DED987815 /* [CP] Embed Pods Frameworks */ = {
			isa = PBXShellScriptBuildPhase;
			buildActionMask = 2147483647;
			files = (
			);
			inputPaths = (
			);
			name = "[CP] Embed Pods Frameworks";
			outputPaths = (
			);
			runOnlyForDeploymentPostprocessing = 0;
			shellPath = /bin/sh;
			shellScript = "\"${SRCROOT}/Pods/Target Support Files/Pods-iChallenge/Pods-iChallenge-frameworks.sh\"\n";
			showEnvVarsInLog = 0;
		};
		C40865DBA6E78B671802B4AD /* [CP] Check Pods Manifest.lock */ = {
			isa = PBXShellScriptBuildPhase;
			buildActionMask = 2147483647;
			files = (
			);
			inputPaths = (
			);
			name = "[CP] Check Pods Manifest.lock";
			outputPaths = (
			);
			runOnlyForDeploymentPostprocessing = 0;
			shellPath = /bin/sh;
			shellScript = "diff \"${PODS_ROOT}/../Podfile.lock\" \"${PODS_ROOT}/Manifest.lock\" > /dev/null\nif [[ $? != 0 ]] ; then\n    cat << EOM\nerror: The sandbox is not in sync with the Podfile.lock. Run 'pod install' or update your CocoaPods installation.\nEOM\n    exit 1\nfi\n";
			showEnvVarsInLog = 0;
		};
		EDF987C0AE95AECB1387F8EF /* [CP] Copy Pods Resources */ = {
			isa = PBXShellScriptBuildPhase;
			buildActionMask = 2147483647;
			files = (
			);
			inputPaths = (
			);
			name = "[CP] Copy Pods Resources";
			outputPaths = (
			);
			runOnlyForDeploymentPostprocessing = 0;
			shellPath = /bin/sh;
			shellScript = "\"${SRCROOT}/Pods/Target Support Files/Pods-iChallenge/Pods-iChallenge-resources.sh\"\n";
			showEnvVarsInLog = 0;
		};
/* End PBXShellScriptBuildPhase section */

/* Begin PBXSourcesBuildPhase section */
		E7E785F91D2845CE005FB7B3 /* Sources */ = {
			isa = PBXSourcesBuildPhase;
			buildActionMask = 2147483647;
			files = (
				E2EE74181D2CDB7B00977AAA /* MainViewController.swift in Sources */,
				E2EE73F31D2C9C0F00977AAA /* SignupViewController.swift in Sources */,
				E75A25B21D47E515008014EB /* CreateChallengeViewCell.swift in Sources */,
				E2EE74071D2CDA5E00977AAA /* UIView+Extensions.swift in Sources */,
				E7596AC21D3FE6E000FA1884 /* FirebaseHelper.swift in Sources */,
				E2EE740B1D2CDA7300977AAA /* PagedScrollViewController.swift in Sources */,
				E2EE73F41D2C9C0F00977AAA /* WelcomeViewController.swift in Sources */,
				E261254E1D30161200BB1274 /* PhotoTakingHelper.swift in Sources */,
				E75A256C1D47E4A0008014EB /* CreateChallengeViewController.swift in Sources */,
				E242464B1D2D80BD00793533 /* MainCollectionViewCell.swift in Sources */,
				E782BAD21D3ECE7D00B0830C /* FriendSearchViewCell.swift in Sources */,
				E7E786011D2845CE005FB7B3 /* AppDelegate.swift in Sources */,
				E2EE74051D2CDA5E00977AAA /* CustomAnimation.swift in Sources */,
				E782BACE1D3ECA5200B0830C /* FriendSearchViewController.swift in Sources */,
				E2EE74061D2CDA5E00977AAA /* UIColor+Extras.swift in Sources */,
				E24246411D2D723B00793533 /* ChallengeViewController.swift in Sources */,
				E24246501D2DB2DE00793533 /* Challenge.swift in Sources */,
				E2EE73F01D2C9C0F00977AAA /* ForgotPasswordViewController.swift in Sources */,
				E242464D1D2DA69000793533 /* MainCollectionReusableView.swift in Sources */,
				E742E0151D3D5CB8008543F9 /* User.swift in Sources */,
			);
			runOnlyForDeploymentPostprocessing = 0;
		};
/* End PBXSourcesBuildPhase section */

/* Begin PBXVariantGroup section */
		E24246441D2D7A5A00793533 /* Challenge.storyboard */ = {
			isa = PBXVariantGroup;
			children = (
				E24246451D2D7A5A00793533 /* Base */,
			);
			name = Challenge.storyboard;
			sourceTree = "<group>";
		};
		E2EE74111D2CDB3A00977AAA /* Main.storyboard */ = {
			isa = PBXVariantGroup;
			children = (
				E2EE74121D2CDB3A00977AAA /* Base */,
			);
			name = Main.storyboard;
			path = "Supporting Files/Base.lproj";
			sourceTree = "<group>";
		};
		E75A25B31D47E578008014EB /* CreateChallenge.storyboard */ = {
			isa = PBXVariantGroup;
			children = (
				E75A25B41D47E578008014EB /* Base */,
			);
			name = CreateChallenge.storyboard;
			sourceTree = "<group>";
		};
/* End PBXVariantGroup section */

/* Begin XCBuildConfiguration section */
		E7E7860D1D2845CE005FB7B3 /* Debug */ = {
			isa = XCBuildConfiguration;
			buildSettings = {
				ALWAYS_SEARCH_USER_PATHS = NO;
				CLANG_ANALYZER_NONNULL = YES;
				CLANG_CXX_LANGUAGE_STANDARD = "gnu++0x";
				CLANG_CXX_LIBRARY = "libc++";
				CLANG_ENABLE_MODULES = YES;
				CLANG_ENABLE_OBJC_ARC = YES;
				CLANG_WARN_BOOL_CONVERSION = YES;
				CLANG_WARN_CONSTANT_CONVERSION = YES;
				CLANG_WARN_DIRECT_OBJC_ISA_USAGE = YES_ERROR;
				CLANG_WARN_EMPTY_BODY = YES;
				CLANG_WARN_ENUM_CONVERSION = YES;
				CLANG_WARN_INT_CONVERSION = YES;
				CLANG_WARN_OBJC_ROOT_CLASS = YES_ERROR;
				CLANG_WARN_UNREACHABLE_CODE = YES;
				CLANG_WARN__DUPLICATE_METHOD_MATCH = YES;
				"CODE_SIGN_IDENTITY[sdk=iphoneos*]" = "iPhone Developer";
				COPY_PHASE_STRIP = NO;
				DEBUG_INFORMATION_FORMAT = dwarf;
				ENABLE_STRICT_OBJC_MSGSEND = YES;
				ENABLE_TESTABILITY = YES;
				GCC_C_LANGUAGE_STANDARD = gnu99;
				GCC_DYNAMIC_NO_PIC = NO;
				GCC_NO_COMMON_BLOCKS = YES;
				GCC_OPTIMIZATION_LEVEL = 0;
				GCC_PREPROCESSOR_DEFINITIONS = (
					"DEBUG=1",
					"$(inherited)",
				);
				GCC_WARN_64_TO_32_BIT_CONVERSION = YES;
				GCC_WARN_ABOUT_RETURN_TYPE = YES_ERROR;
				GCC_WARN_UNDECLARED_SELECTOR = YES;
				GCC_WARN_UNINITIALIZED_AUTOS = YES_AGGRESSIVE;
				GCC_WARN_UNUSED_FUNCTION = YES;
				GCC_WARN_UNUSED_VARIABLE = YES;
				IPHONEOS_DEPLOYMENT_TARGET = 9.3;
				MTL_ENABLE_DEBUG_INFO = YES;
				ONLY_ACTIVE_ARCH = YES;
				SDKROOT = iphoneos;
				SWIFT_OPTIMIZATION_LEVEL = "-Onone";
				TARGETED_DEVICE_FAMILY = "1,2";
			};
			name = Debug;
		};
		E7E7860E1D2845CE005FB7B3 /* Release */ = {
			isa = XCBuildConfiguration;
			buildSettings = {
				ALWAYS_SEARCH_USER_PATHS = NO;
				CLANG_ANALYZER_NONNULL = YES;
				CLANG_CXX_LANGUAGE_STANDARD = "gnu++0x";
				CLANG_CXX_LIBRARY = "libc++";
				CLANG_ENABLE_MODULES = YES;
				CLANG_ENABLE_OBJC_ARC = YES;
				CLANG_WARN_BOOL_CONVERSION = YES;
				CLANG_WARN_CONSTANT_CONVERSION = YES;
				CLANG_WARN_DIRECT_OBJC_ISA_USAGE = YES_ERROR;
				CLANG_WARN_EMPTY_BODY = YES;
				CLANG_WARN_ENUM_CONVERSION = YES;
				CLANG_WARN_INT_CONVERSION = YES;
				CLANG_WARN_OBJC_ROOT_CLASS = YES_ERROR;
				CLANG_WARN_UNREACHABLE_CODE = YES;
				CLANG_WARN__DUPLICATE_METHOD_MATCH = YES;
				"CODE_SIGN_IDENTITY[sdk=iphoneos*]" = "iPhone Developer";
				COPY_PHASE_STRIP = NO;
				DEBUG_INFORMATION_FORMAT = "dwarf-with-dsym";
				ENABLE_NS_ASSERTIONS = NO;
				ENABLE_STRICT_OBJC_MSGSEND = YES;
				GCC_C_LANGUAGE_STANDARD = gnu99;
				GCC_NO_COMMON_BLOCKS = YES;
				GCC_WARN_64_TO_32_BIT_CONVERSION = YES;
				GCC_WARN_ABOUT_RETURN_TYPE = YES_ERROR;
				GCC_WARN_UNDECLARED_SELECTOR = YES;
				GCC_WARN_UNINITIALIZED_AUTOS = YES_AGGRESSIVE;
				GCC_WARN_UNUSED_FUNCTION = YES;
				GCC_WARN_UNUSED_VARIABLE = YES;
				IPHONEOS_DEPLOYMENT_TARGET = 9.3;
				MTL_ENABLE_DEBUG_INFO = NO;
				SDKROOT = iphoneos;
				TARGETED_DEVICE_FAMILY = "1,2";
				VALIDATE_PRODUCT = YES;
			};
			name = Release;
		};
		E7E786101D2845CE005FB7B3 /* Debug */ = {
			isa = XCBuildConfiguration;
			baseConfigurationReference = 21B335325C9FE751B0374B27 /* Pods-iChallenge.debug.xcconfig */;
			buildSettings = {
				ASSETCATALOG_COMPILER_APPICON_NAME = AppIcon;
				CODE_SIGN_IDENTITY = "iPhone Developer";
				"CODE_SIGN_IDENTITY[sdk=iphoneos*]" = "iPhone Developer";
				INFOPLIST_FILE = iChallenge/Info.plist;
				LD_RUNPATH_SEARCH_PATHS = "$(inherited) @executable_path/Frameworks";
				PRODUCT_BUNDLE_IDENTIFIER = com.Vitola.iChallenge;
				PRODUCT_NAME = "$(TARGET_NAME)";
				PROVISIONING_PROFILE = "";
				TARGETED_DEVICE_FAMILY = 1;
			};
			name = Debug;
		};
		E7E786111D2845CE005FB7B3 /* Release */ = {
			isa = XCBuildConfiguration;
			baseConfigurationReference = 57100A7A0D4E5825BC4F5D6C /* Pods-iChallenge.release.xcconfig */;
			buildSettings = {
				ASSETCATALOG_COMPILER_APPICON_NAME = AppIcon;
				CODE_SIGN_IDENTITY = "iPhone Developer";
				"CODE_SIGN_IDENTITY[sdk=iphoneos*]" = "iPhone Developer";
				INFOPLIST_FILE = iChallenge/Info.plist;
				LD_RUNPATH_SEARCH_PATHS = "$(inherited) @executable_path/Frameworks";
				PRODUCT_BUNDLE_IDENTIFIER = com.Vitola.iChallenge;
				PRODUCT_NAME = "$(TARGET_NAME)";
				PROVISIONING_PROFILE = "";
				TARGETED_DEVICE_FAMILY = 1;
			};
			name = Release;
		};
/* End XCBuildConfiguration section */

/* Begin XCConfigurationList section */
		E7E785F81D2845CE005FB7B3 /* Build configuration list for PBXProject "iChallenge" */ = {
			isa = XCConfigurationList;
			buildConfigurations = (
				E7E7860D1D2845CE005FB7B3 /* Debug */,
				E7E7860E1D2845CE005FB7B3 /* Release */,
			);
			defaultConfigurationIsVisible = 0;
			defaultConfigurationName = Release;
		};
		E7E7860F1D2845CE005FB7B3 /* Build configuration list for PBXNativeTarget "iChallenge" */ = {
			isa = XCConfigurationList;
			buildConfigurations = (
				E7E786101D2845CE005FB7B3 /* Debug */,
				E7E786111D2845CE005FB7B3 /* Release */,
			);
			defaultConfigurationIsVisible = 0;
			defaultConfigurationName = Release;
		};
/* End XCConfigurationList section */
	};
	rootObject = E7E785F51D2845CE005FB7B3 /* Project object */;
}
