// !$*UTF8*$!
{
	archiveVersion = 1;
	classes = {
	};
	objectVersion = 46;
	objects = {

/* Begin PBXBuildFile section */
		1099D76F77EE2C252E7D5F35 /* Pods_iChallenge.framework in Frameworks */ = {isa = PBXBuildFile; fileRef = 53B4D8287C29A029F36737AD /* Pods_iChallenge.framework */; };
		E24246411D2D723B00793533 /* ChallengeViewController.swift in Sources */ = {isa = PBXBuildFile; fileRef = E24246401D2D723B00793533 /* ChallengeViewController.swift */; };
		E24246501D2DB2DE00793533 /* Challenge.swift in Sources */ = {isa = PBXBuildFile; fileRef = E242464F1D2DB2DE00793533 /* Challenge.swift */; };
		E261254E1D30161200BB1274 /* PhotoTakingHelper.swift in Sources */ = {isa = PBXBuildFile; fileRef = E261254D1D30161200BB1274 /* PhotoTakingHelper.swift */; };
		E2EE73F01D2C9C0F00977AAA /* ForgotPasswordViewController.swift in Sources */ = {isa = PBXBuildFile; fileRef = E2EE73EB1D2C9C0F00977AAA /* ForgotPasswordViewController.swift */; };
		E2EE73F21D2C9C0F00977AAA /* SignupLogin.storyboard in Resources */ = {isa = PBXBuildFile; fileRef = E2EE73ED1D2C9C0F00977AAA /* SignupLogin.storyboard */; };
		E2EE73F31D2C9C0F00977AAA /* SignupViewController.swift in Sources */ = {isa = PBXBuildFile; fileRef = E2EE73EE1D2C9C0F00977AAA /* SignupViewController.swift */; };
		E2EE73F41D2C9C0F00977AAA /* WelcomeViewController.swift in Sources */ = {isa = PBXBuildFile; fileRef = E2EE73EF1D2C9C0F00977AAA /* WelcomeViewController.swift */; };
		E2EE74051D2CDA5E00977AAA /* CustomAnimation.swift in Sources */ = {isa = PBXBuildFile; fileRef = E2EE74021D2CDA5E00977AAA /* CustomAnimation.swift */; };
		E2EE74061D2CDA5E00977AAA /* UIColor+Extras.swift in Sources */ = {isa = PBXBuildFile; fileRef = E2EE74031D2CDA5E00977AAA /* UIColor+Extras.swift */; };
		E2EE74071D2CDA5E00977AAA /* UIView+Extensions.swift in Sources */ = {isa = PBXBuildFile; fileRef = E2EE74041D2CDA5E00977AAA /* UIView+Extensions.swift */; };
		E2EE74131D2CDB3A00977AAA /* Assets.xcassets in Resources */ = {isa = PBXBuildFile; fileRef = E2EE740D1D2CDB3A00977AAA /* Assets.xcassets */; };
		E71769411D3DEA8E00CA167A /* GoogleService-Info.plist in Resources */ = {isa = PBXBuildFile; fileRef = E71769401D3DEA8E00CA167A /* GoogleService-Info.plist */; };
		E733112F1D56A73F008A7BA3 /* MainCompletedChallengesViewCell.swift in Sources */ = {isa = PBXBuildFile; fileRef = E733112E1D56A73F008A7BA3 /* MainCompletedChallengesViewCell.swift */; };
		E73311311D56B9EE008A7BA3 /* MainFriendChallengesCollectionViewCell.swift in Sources */ = {isa = PBXBuildFile; fileRef = E73311301D56B9EE008A7BA3 /* MainFriendChallengesCollectionViewCell.swift */; };
		E73311341D579F00008A7BA3 /* Launch Screen.storyboard in Resources */ = {isa = PBXBuildFile; fileRef = E73311331D579F00008A7BA3 /* Launch Screen.storyboard */; };
		E73311381D57BA26008A7BA3 /* CompletedChallenge.storyboard in Resources */ = {isa = PBXBuildFile; fileRef = E73311371D57BA26008A7BA3 /* CompletedChallenge.storyboard */; };
		E733113A1D57BA67008A7BA3 /* CompletedChallengeViewController.swift in Sources */ = {isa = PBXBuildFile; fileRef = E73311391D57BA67008A7BA3 /* CompletedChallengeViewController.swift */; };
		E742E0151D3D5CB8008543F9 /* User.swift in Sources */ = {isa = PBXBuildFile; fileRef = E742E0141D3D5CB8008543F9 /* User.swift */; };
		E7512D2E1D565BD600324D03 /* Onboarding.storyboard in Resources */ = {isa = PBXBuildFile; fileRef = E7512D2D1D565BD600324D03 /* Onboarding.storyboard */; };
		E7512D301D565C8000324D03 /* PageOneViewController.swift in Sources */ = {isa = PBXBuildFile; fileRef = E7512D2F1D565C8000324D03 /* PageOneViewController.swift */; };
		E7512D321D565C9700324D03 /* PageTwoViewController.swift in Sources */ = {isa = PBXBuildFile; fileRef = E7512D311D565C9700324D03 /* PageTwoViewController.swift */; };
		E7512D341D565CAC00324D03 /* PageThreeViewController.swift in Sources */ = {isa = PBXBuildFile; fileRef = E7512D331D565CAC00324D03 /* PageThreeViewController.swift */; };
		E7512D361D565DF400324D03 /* OnboardingPageViewController.swift in Sources */ = {isa = PBXBuildFile; fileRef = E7512D351D565DF400324D03 /* OnboardingPageViewController.swift */; };
		E7596AC21D3FE6E000FA1884 /* FirebaseHelper.swift in Sources */ = {isa = PBXBuildFile; fileRef = E7596AC11D3FE6E000FA1884 /* FirebaseHelper.swift */; };
		E75A256C1D47E4A0008014EB /* CreateChallengeViewController.swift in Sources */ = {isa = PBXBuildFile; fileRef = E75A256B1D47E4A0008014EB /* CreateChallengeViewController.swift */; };
		E75A25B21D47E515008014EB /* CreateChallengeViewCell.swift in Sources */ = {isa = PBXBuildFile; fileRef = E75A25B11D47E515008014EB /* CreateChallengeViewCell.swift */; };
		E76413BD1D4BE13500D2F036 /* ImageConversionHelper.swift in Sources */ = {isa = PBXBuildFile; fileRef = E76413BC1D4BE13500D2F036 /* ImageConversionHelper.swift */; };
		E782BACC1D3EC57F00B0830C /* FriendSearch.storyboard in Resources */ = {isa = PBXBuildFile; fileRef = E782BACB1D3EC57F00B0830C /* FriendSearch.storyboard */; };
		E782BACE1D3ECA5200B0830C /* FriendSearchViewController.swift in Sources */ = {isa = PBXBuildFile; fileRef = E782BACD1D3ECA5200B0830C /* FriendSearchViewController.swift */; };
		E782BAD21D3ECE7D00B0830C /* FriendSearchViewCell.swift in Sources */ = {isa = PBXBuildFile; fileRef = E782BAD11D3ECE7D00B0830C /* FriendSearchViewCell.swift */; };
		E79562A91D5670EE008C45B5 /* MainPageViewController.swift in Sources */ = {isa = PBXBuildFile; fileRef = E79562A81D5670EE008C45B5 /* MainPageViewController.swift */; };
		E79562B11D56731D008C45B5 /* MainChallengesViewController.swift in Sources */ = {isa = PBXBuildFile; fileRef = E79562B01D56731D008C45B5 /* MainChallengesViewController.swift */; };
		E79562B31D567342008C45B5 /* MainCompletedChallengesViewController.swift in Sources */ = {isa = PBXBuildFile; fileRef = E79562B21D567342008C45B5 /* MainCompletedChallengesViewController.swift */; };
		E79562B51D567364008C45B5 /* MainFriendChallengesViewController.swift in Sources */ = {isa = PBXBuildFile; fileRef = E79562B41D567364008C45B5 /* MainFriendChallengesViewController.swift */; };
		E79562B71D5678C0008C45B5 /* MainChallengesCollectionViewCell.swift in Sources */ = {isa = PBXBuildFile; fileRef = E79562B61D5678C0008C45B5 /* MainChallengesCollectionViewCell.swift */; };
		E79562BF1D56A2EB008C45B5 /* Main.storyboard in Resources */ = {isa = PBXBuildFile; fileRef = E79562BE1D56A2EB008C45B5 /* Main.storyboard */; };
		E79562C11D56A470008C45B5 /* Challenge.storyboard in Resources */ = {isa = PBXBuildFile; fileRef = E79562C01D56A470008C45B5 /* Challenge.storyboard */; };
		E79562C31D56A51A008C45B5 /* CreateChallenge.storyboard in Resources */ = {isa = PBXBuildFile; fileRef = E79562C21D56A51A008C45B5 /* CreateChallenge.storyboard */; };
		E7E786011D2845CE005FB7B3 /* AppDelegate.swift in Sources */ = {isa = PBXBuildFile; fileRef = E7E786001D2845CE005FB7B3 /* AppDelegate.swift */; };
/* End PBXBuildFile section */

/* Begin PBXFileReference section */
		21B335325C9FE751B0374B27 /* Pods-iChallenge.debug.xcconfig */ = {isa = PBXFileReference; includeInIndex = 1; lastKnownFileType = text.xcconfig; name = "Pods-iChallenge.debug.xcconfig"; path = "Pods/Target Support Files/Pods-iChallenge/Pods-iChallenge.debug.xcconfig"; sourceTree = "<group>"; };
		53B4D8287C29A029F36737AD /* Pods_iChallenge.framework */ = {isa = PBXFileReference; explicitFileType = wrapper.framework; includeInIndex = 0; path = Pods_iChallenge.framework; sourceTree = BUILT_PRODUCTS_DIR; };
		57100A7A0D4E5825BC4F5D6C /* Pods-iChallenge.release.xcconfig */ = {isa = PBXFileReference; includeInIndex = 1; lastKnownFileType = text.xcconfig; name = "Pods-iChallenge.release.xcconfig"; path = "Pods/Target Support Files/Pods-iChallenge/Pods-iChallenge.release.xcconfig"; sourceTree = "<group>"; };
		E24246401D2D723B00793533 /* ChallengeViewController.swift */ = {isa = PBXFileReference; fileEncoding = 4; lastKnownFileType = sourcecode.swift; path = ChallengeViewController.swift; sourceTree = "<group>"; };
		E242464F1D2DB2DE00793533 /* Challenge.swift */ = {isa = PBXFileReference; fileEncoding = 4; lastKnownFileType = sourcecode.swift; path = Challenge.swift; sourceTree = "<group>"; };
		E261254D1D30161200BB1274 /* PhotoTakingHelper.swift */ = {isa = PBXFileReference; fileEncoding = 4; lastKnownFileType = sourcecode.swift; path = PhotoTakingHelper.swift; sourceTree = "<group>"; };
		E2EE73EB1D2C9C0F00977AAA /* ForgotPasswordViewController.swift */ = {isa = PBXFileReference; fileEncoding = 4; lastKnownFileType = sourcecode.swift; path = ForgotPasswordViewController.swift; sourceTree = "<group>"; };
		E2EE73ED1D2C9C0F00977AAA /* SignupLogin.storyboard */ = {isa = PBXFileReference; fileEncoding = 4; lastKnownFileType = file.storyboard; path = SignupLogin.storyboard; sourceTree = "<group>"; };
		E2EE73EE1D2C9C0F00977AAA /* SignupViewController.swift */ = {isa = PBXFileReference; fileEncoding = 4; lastKnownFileType = sourcecode.swift; path = SignupViewController.swift; sourceTree = "<group>"; };
		E2EE73EF1D2C9C0F00977AAA /* WelcomeViewController.swift */ = {isa = PBXFileReference; fileEncoding = 4; lastKnownFileType = sourcecode.swift; path = WelcomeViewController.swift; sourceTree = "<group>"; };
		E2EE74021D2CDA5E00977AAA /* CustomAnimation.swift */ = {isa = PBXFileReference; fileEncoding = 4; lastKnownFileType = sourcecode.swift; name = CustomAnimation.swift; path = Extensions/CustomAnimation.swift; sourceTree = "<group>"; };
		E2EE74031D2CDA5E00977AAA /* UIColor+Extras.swift */ = {isa = PBXFileReference; fileEncoding = 4; lastKnownFileType = sourcecode.swift; name = "UIColor+Extras.swift"; path = "Extensions/UIColor+Extras.swift"; sourceTree = "<group>"; };
		E2EE74041D2CDA5E00977AAA /* UIView+Extensions.swift */ = {isa = PBXFileReference; fileEncoding = 4; lastKnownFileType = sourcecode.swift; name = "UIView+Extensions.swift"; path = "Extensions/UIView+Extensions.swift"; sourceTree = "<group>"; };
		E2EE740D1D2CDB3A00977AAA /* Assets.xcassets */ = {isa = PBXFileReference; lastKnownFileType = folder.assetcatalog; name = Assets.xcassets; path = "Supporting Files/Assets.xcassets"; sourceTree = "<group>"; };
		E71769401D3DEA8E00CA167A /* GoogleService-Info.plist */ = {isa = PBXFileReference; fileEncoding = 4; lastKnownFileType = text.plist.xml; path = "GoogleService-Info.plist"; sourceTree = "<group>"; };
		E733112E1D56A73F008A7BA3 /* MainCompletedChallengesViewCell.swift */ = {isa = PBXFileReference; fileEncoding = 4; lastKnownFileType = sourcecode.swift; path = MainCompletedChallengesViewCell.swift; sourceTree = "<group>"; };
		E73311301D56B9EE008A7BA3 /* MainFriendChallengesCollectionViewCell.swift */ = {isa = PBXFileReference; fileEncoding = 4; lastKnownFileType = sourcecode.swift; path = MainFriendChallengesCollectionViewCell.swift; sourceTree = "<group>"; };
		E73311331D579F00008A7BA3 /* Launch Screen.storyboard */ = {isa = PBXFileReference; fileEncoding = 4; lastKnownFileType = file.storyboard; name = "Launch Screen.storyboard"; path = "iChallenge/Launch Screen/Launch Screen.storyboard"; sourceTree = SOURCE_ROOT; };
		E73311371D57BA26008A7BA3 /* CompletedChallenge.storyboard */ = {isa = PBXFileReference; fileEncoding = 4; lastKnownFileType = file.storyboard; path = CompletedChallenge.storyboard; sourceTree = "<group>"; };
		E73311391D57BA67008A7BA3 /* CompletedChallengeViewController.swift */ = {isa = PBXFileReference; fileEncoding = 4; lastKnownFileType = sourcecode.swift; path = CompletedChallengeViewController.swift; sourceTree = "<group>"; };
		E742E0141D3D5CB8008543F9 /* User.swift */ = {isa = PBXFileReference; fileEncoding = 4; lastKnownFileType = sourcecode.swift; path = User.swift; sourceTree = "<group>"; };
		E7512D2D1D565BD600324D03 /* Onboarding.storyboard */ = {isa = PBXFileReference; fileEncoding = 4; lastKnownFileType = file.storyboard; path = Onboarding.storyboard; sourceTree = "<group>"; };
		E7512D2F1D565C8000324D03 /* PageOneViewController.swift */ = {isa = PBXFileReference; fileEncoding = 4; lastKnownFileType = sourcecode.swift; path = PageOneViewController.swift; sourceTree = "<group>"; };
		E7512D311D565C9700324D03 /* PageTwoViewController.swift */ = {isa = PBXFileReference; fileEncoding = 4; lastKnownFileType = sourcecode.swift; path = PageTwoViewController.swift; sourceTree = "<group>"; };
		E7512D331D565CAC00324D03 /* PageThreeViewController.swift */ = {isa = PBXFileReference; fileEncoding = 4; lastKnownFileType = sourcecode.swift; path = PageThreeViewController.swift; sourceTree = "<group>"; };
		E7512D351D565DF400324D03 /* OnboardingPageViewController.swift */ = {isa = PBXFileReference; fileEncoding = 4; lastKnownFileType = sourcecode.swift; path = OnboardingPageViewController.swift; sourceTree = "<group>"; };
		E7596AC11D3FE6E000FA1884 /* FirebaseHelper.swift */ = {isa = PBXFileReference; fileEncoding = 4; lastKnownFileType = sourcecode.swift; path = FirebaseHelper.swift; sourceTree = "<group>"; };
		E75A256B1D47E4A0008014EB /* CreateChallengeViewController.swift */ = {isa = PBXFileReference; fileEncoding = 4; lastKnownFileType = sourcecode.swift; name = CreateChallengeViewController.swift; path = "iChallenge/Create Challenge/CreateChallengeViewController.swift"; sourceTree = SOURCE_ROOT; };
		E75A25B11D47E515008014EB /* CreateChallengeViewCell.swift */ = {isa = PBXFileReference; fileEncoding = 4; lastKnownFileType = sourcecode.swift; name = CreateChallengeViewCell.swift; path = "iChallenge/Create Challenge/CreateChallengeViewCell.swift"; sourceTree = SOURCE_ROOT; };
		E76413BC1D4BE13500D2F036 /* ImageConversionHelper.swift */ = {isa = PBXFileReference; fileEncoding = 4; lastKnownFileType = sourcecode.swift; path = ImageConversionHelper.swift; sourceTree = "<group>"; };
		E782BACB1D3EC57F00B0830C /* FriendSearch.storyboard */ = {isa = PBXFileReference; fileEncoding = 4; lastKnownFileType = file.storyboard; path = FriendSearch.storyboard; sourceTree = "<group>"; };
		E782BACD1D3ECA5200B0830C /* FriendSearchViewController.swift */ = {isa = PBXFileReference; fileEncoding = 4; lastKnownFileType = sourcecode.swift; path = FriendSearchViewController.swift; sourceTree = "<group>"; };
		E782BAD11D3ECE7D00B0830C /* FriendSearchViewCell.swift */ = {isa = PBXFileReference; fileEncoding = 4; lastKnownFileType = sourcecode.swift; path = FriendSearchViewCell.swift; sourceTree = "<group>"; };
		E79562A81D5670EE008C45B5 /* MainPageViewController.swift */ = {isa = PBXFileReference; fileEncoding = 4; lastKnownFileType = sourcecode.swift; name = MainPageViewController.swift; path = iChallenge/Main/MainPageViewController.swift; sourceTree = SOURCE_ROOT; };
		E79562B01D56731D008C45B5 /* MainChallengesViewController.swift */ = {isa = PBXFileReference; fileEncoding = 4; lastKnownFileType = sourcecode.swift; path = MainChallengesViewController.swift; sourceTree = "<group>"; };
		E79562B21D567342008C45B5 /* MainCompletedChallengesViewController.swift */ = {isa = PBXFileReference; fileEncoding = 4; lastKnownFileType = sourcecode.swift; path = MainCompletedChallengesViewController.swift; sourceTree = "<group>"; };
		E79562B41D567364008C45B5 /* MainFriendChallengesViewController.swift */ = {isa = PBXFileReference; fileEncoding = 4; lastKnownFileType = sourcecode.swift; path = MainFriendChallengesViewController.swift; sourceTree = "<group>"; };
		E79562B61D5678C0008C45B5 /* MainChallengesCollectionViewCell.swift */ = {isa = PBXFileReference; fileEncoding = 4; lastKnownFileType = sourcecode.swift; path = MainChallengesCollectionViewCell.swift; sourceTree = "<group>"; };
		E79562BE1D56A2EB008C45B5 /* Main.storyboard */ = {isa = PBXFileReference; fileEncoding = 4; lastKnownFileType = file.storyboard; path = Main.storyboard; sourceTree = "<group>"; };
		E79562C01D56A470008C45B5 /* Challenge.storyboard */ = {isa = PBXFileReference; fileEncoding = 4; lastKnownFileType = file.storyboard; path = Challenge.storyboard; sourceTree = "<group>"; };
		E79562C21D56A51A008C45B5 /* CreateChallenge.storyboard */ = {isa = PBXFileReference; fileEncoding = 4; lastKnownFileType = file.storyboard; path = CreateChallenge.storyboard; sourceTree = "<group>"; };
		E7E785FD1D2845CE005FB7B3 /* iChallenge.app */ = {isa = PBXFileReference; explicitFileType = wrapper.application; includeInIndex = 0; path = iChallenge.app; sourceTree = BUILT_PRODUCTS_DIR; };
		E7E786001D2845CE005FB7B3 /* AppDelegate.swift */ = {isa = PBXFileReference; lastKnownFileType = sourcecode.swift; path = AppDelegate.swift; sourceTree = "<group>"; };
		E7E7860C1D2845CE005FB7B3 /* Info.plist */ = {isa = PBXFileReference; lastKnownFileType = text.plist.xml; path = Info.plist; sourceTree = "<group>"; };
/* End PBXFileReference section */

/* Begin PBXFrameworksBuildPhase section */
		E7E785FA1D2845CE005FB7B3 /* Frameworks */ = {
			isa = PBXFrameworksBuildPhase;
			buildActionMask = 2147483647;
			files = (
				1099D76F77EE2C252E7D5F35 /* Pods_iChallenge.framework in Frameworks */,
			);
			runOnlyForDeploymentPostprocessing = 0;
		};
/* End PBXFrameworksBuildPhase section */

/* Begin PBXGroup section */
		0913EB7DF57155723F1F85FD /* Frameworks */ = {
			isa = PBXGroup;
			children = (
				53B4D8287C29A029F36737AD /* Pods_iChallenge.framework */,
			);
			name = Frameworks;
			sourceTree = "<group>";
		};
		7F122D3105EB22589E86EF69 /* Pods */ = {
			isa = PBXGroup;
			children = (
				21B335325C9FE751B0374B27 /* Pods-iChallenge.debug.xcconfig */,
				57100A7A0D4E5825BC4F5D6C /* Pods-iChallenge.release.xcconfig */,
			);
			name = Pods;
			sourceTree = "<group>";
		};
		E22D72DE1D2ED159007BF03A /* Helpers */ = {
			isa = PBXGroup;
			children = (
				E261254D1D30161200BB1274 /* PhotoTakingHelper.swift */,
				E7596AC11D3FE6E000FA1884 /* FirebaseHelper.swift */,
				E76413BC1D4BE13500D2F036 /* ImageConversionHelper.swift */,
			);
			path = Helpers;
			sourceTree = "<group>";
		};
		E242463E1D2D71F300793533 /* Challenge */ = {
			isa = PBXGroup;
			children = (
				E79562C01D56A470008C45B5 /* Challenge.storyboard */,
				E24246401D2D723B00793533 /* ChallengeViewController.swift */,
			);
			path = Challenge;
			sourceTree = "<group>";
		};
		E242464E1D2DB2C800793533 /* Data Model */ = {
			isa = PBXGroup;
			children = (
				E242464F1D2DB2DE00793533 /* Challenge.swift */,
				E742E0141D3D5CB8008543F9 /* User.swift */,
			);
			path = "Data Model";
			sourceTree = "<group>";
		};
		E2EE73CC1D2C83BF00977AAA /* Authentication */ = {
			isa = PBXGroup;
			children = (
				E2EE73ED1D2C9C0F00977AAA /* SignupLogin.storyboard */,
				E2EE73EF1D2C9C0F00977AAA /* WelcomeViewController.swift */,
				E2EE73EE1D2C9C0F00977AAA /* SignupViewController.swift */,
				E2EE73EB1D2C9C0F00977AAA /* ForgotPasswordViewController.swift */,
			);
			path = Authentication;
			sourceTree = "<group>";
		};
		E2EE73F61D2C9D3C00977AAA /* Extensions */ = {
			isa = PBXGroup;
			children = (
				E2EE74021D2CDA5E00977AAA /* CustomAnimation.swift */,
				E2EE74031D2CDA5E00977AAA /* UIColor+Extras.swift */,
				E2EE74041D2CDA5E00977AAA /* UIView+Extensions.swift */,
			);
			name = Extensions;
			sourceTree = "<group>";
		};
		E2EE740C1D2CDA9A00977AAA /* Supporting Files */ = {
			isa = PBXGroup;
			children = (
				E2EE740D1D2CDB3A00977AAA /* Assets.xcassets */,
				E7E7860C1D2845CE005FB7B3 /* Info.plist */,
			);
			name = "Supporting Files";
			sourceTree = "<group>";
		};
		E73311321D56C2F6008A7BA3 /* Completed Challenge */ = {
			isa = PBXGroup;
			children = (
				E73311371D57BA26008A7BA3 /* CompletedChallenge.storyboard */,
				E73311391D57BA67008A7BA3 /* CompletedChallengeViewController.swift */,
			);
			path = "Completed Challenge";
			sourceTree = "<group>";
		};
		E733113B1D57DC84008A7BA3 /* Launch Screen */ = {
			isa = PBXGroup;
			children = (
				E73311331D579F00008A7BA3 /* Launch Screen.storyboard */,
			);
			path = "Launch Screen";
			sourceTree = "<group>";
		};
		E7512D2C1D565B6C00324D03 /* Onboarding */ = {
			isa = PBXGroup;
			children = (
				E7512D2D1D565BD600324D03 /* Onboarding.storyboard */,
				E7512D351D565DF400324D03 /* OnboardingPageViewController.swift */,
				E7512D2F1D565C8000324D03 /* PageOneViewController.swift */,
				E7512D311D565C9700324D03 /* PageTwoViewController.swift */,
				E7512D331D565CAC00324D03 /* PageThreeViewController.swift */,
			);
			path = Onboarding;
			sourceTree = "<group>";
		};
		E79562B91D569FDD008C45B5 /* Main */ = {
			isa = PBXGroup;
			children = (
				E79562BE1D56A2EB008C45B5 /* Main.storyboard */,
				E79562A81D5670EE008C45B5 /* MainPageViewController.swift */,
				E79562BA1D56A082008C45B5 /* Challenges */,
				E79562BB1D56A089008C45B5 /* Completed Challenges */,
				E79562BC1D56A092008C45B5 /* Friend Challenges */,
			);
			path = Main;
			sourceTree = "<group>";
		};
		E79562BA1D56A082008C45B5 /* Challenges */ = {
			isa = PBXGroup;
			children = (
				E79562B01D56731D008C45B5 /* MainChallengesViewController.swift */,
				E79562B61D5678C0008C45B5 /* MainChallengesCollectionViewCell.swift */,
			);
			path = Challenges;
			sourceTree = "<group>";
		};
		E79562BB1D56A089008C45B5 /* Completed Challenges */ = {
			isa = PBXGroup;
			children = (
				E79562B21D567342008C45B5 /* MainCompletedChallengesViewController.swift */,
				E733112E1D56A73F008A7BA3 /* MainCompletedChallengesViewCell.swift */,
			);
			path = "Completed Challenges";
			sourceTree = "<group>";
		};
		E79562BC1D56A092008C45B5 /* Friend Challenges */ = {
			isa = PBXGroup;
			children = (
				E79562B41D567364008C45B5 /* MainFriendChallengesViewController.swift */,
				E73311301D56B9EE008A7BA3 /* MainFriendChallengesCollectionViewCell.swift */,
			);
			path = "Friend Challenges";
			sourceTree = "<group>";
		};
		E79562BD1D56A20C008C45B5 /* Friend Search */ = {
			isa = PBXGroup;
			children = (
				E782BACB1D3EC57F00B0830C /* FriendSearch.storyboard */,
				E782BACD1D3ECA5200B0830C /* FriendSearchViewController.swift */,
				E782BAD11D3ECE7D00B0830C /* FriendSearchViewCell.swift */,
			);
			path = "Friend Search";
			sourceTree = "<group>";
		};
		E79EC15A1D37F630001B307B /* Create Challenge */ = {
			isa = PBXGroup;
			children = (
				E79562C21D56A51A008C45B5 /* CreateChallenge.storyboard */,
				E75A256B1D47E4A0008014EB /* CreateChallengeViewController.swift */,
				E75A25B11D47E515008014EB /* CreateChallengeViewCell.swift */,
			);
			path = "Create Challenge";
			sourceTree = "<group>";
		};
		E7E785F41D2845CE005FB7B3 = {
			isa = PBXGroup;
			children = (
				E7E785FF1D2845CE005FB7B3 /* iChallenge */,
				E7E785FE1D2845CE005FB7B3 /* Products */,
				7F122D3105EB22589E86EF69 /* Pods */,
				0913EB7DF57155723F1F85FD /* Frameworks */,
			);
			sourceTree = "<group>";
		};
		E7E785FE1D2845CE005FB7B3 /* Products */ = {
			isa = PBXGroup;
			children = (
				E7E785FD1D2845CE005FB7B3 /* iChallenge.app */,
			);
			name = Products;
			sourceTree = "<group>";
		};
		E7E785FF1D2845CE005FB7B3 /* iChallenge */ = {
			isa = PBXGroup;
			children = (
				E7E786001D2845CE005FB7B3 /* AppDelegate.swift */,
				E71769401D3DEA8E00CA167A /* GoogleService-Info.plist */,
				E733113B1D57DC84008A7BA3 /* Launch Screen */,
				E7512D2C1D565B6C00324D03 /* Onboarding */,
				E2EE73CC1D2C83BF00977AAA /* Authentication */,
				E79562B91D569FDD008C45B5 /* Main */,
				E242463E1D2D71F300793533 /* Challenge */,
				E79EC15A1D37F630001B307B /* Create Challenge */,
				E73311321D56C2F6008A7BA3 /* Completed Challenge */,
				E79562BD1D56A20C008C45B5 /* Friend Search */,
				E242464E1D2DB2C800793533 /* Data Model */,
				E22D72DE1D2ED159007BF03A /* Helpers */,
				E2EE73F61D2C9D3C00977AAA /* Extensions */,
				E2EE740C1D2CDA9A00977AAA /* Supporting Files */,
			);
			path = iChallenge;
			sourceTree = "<group>";
		};
/* End PBXGroup section */

/* Begin PBXNativeTarget section */
		E7E785FC1D2845CE005FB7B3 /* iChallenge */ = {
			isa = PBXNativeTarget;
			buildConfigurationList = E7E7860F1D2845CE005FB7B3 /* Build configuration list for PBXNativeTarget "iChallenge" */;
			buildPhases = (
				C40865DBA6E78B671802B4AD /* [CP] Check Pods Manifest.lock */,
				872C4752B834AA564A1D86A0 /* [CP] Check Pods Manifest.lock */,
				E7E785F91D2845CE005FB7B3 /* Sources */,
				E7E785FA1D2845CE005FB7B3 /* Frameworks */,
				E7E785FB1D2845CE005FB7B3 /* Resources */,
				B8AACD57A69C056DED987815 /* [CP] Embed Pods Frameworks */,
				EDF987C0AE95AECB1387F8EF /* [CP] Copy Pods Resources */,
			);
			buildRules = (
			);
			dependencies = (
			);
			name = iChallenge;
			productName = iChallenge;
			productReference = E7E785FD1D2845CE005FB7B3 /* iChallenge.app */;
			productType = "com.apple.product-type.application";
		};
/* End PBXNativeTarget section */

/* Begin PBXProject section */
		E7E785F51D2845CE005FB7B3 /* Project object */ = {
			isa = PBXProject;
			attributes = {
				LastSwiftUpdateCheck = 0730;
				LastUpgradeCheck = 0730;
				ORGANIZATIONNAME = "Gian Franco Vitola";
				TargetAttributes = {
					E7E785FC1D2845CE005FB7B3 = {
						CreatedOnToolsVersion = 7.3.1;
						DevelopmentTeam = HK78M4RSH4;
					};
				};
			};
			buildConfigurationList = E7E785F81D2845CE005FB7B3 /* Build configuration list for PBXProject "iChallenge" */;
			compatibilityVersion = "Xcode 3.2";
			developmentRegion = English;
			hasScannedForEncodings = 0;
			knownRegions = (
				en,
				Base,
			);
			mainGroup = E7E785F41D2845CE005FB7B3;
			productRefGroup = E7E785FE1D2845CE005FB7B3 /* Products */;
			projectDirPath = "";
			projectRoot = "";
			targets = (
				E7E785FC1D2845CE005FB7B3 /* iChallenge */,
			);
		};
/* End PBXProject section */

/* Begin PBXResourcesBuildPhase section */
		E7E785FB1D2845CE005FB7B3 /* Resources */ = {
			isa = PBXResourcesBuildPhase;
			buildActionMask = 2147483647;
			files = (
				E79562C31D56A51A008C45B5 /* CreateChallenge.storyboard in Resources */,
				E2EE74131D2CDB3A00977AAA /* Assets.xcassets in Resources */,
				E73311381D57BA26008A7BA3 /* CompletedChallenge.storyboard in Resources */,
				E79562BF1D56A2EB008C45B5 /* Main.storyboard in Resources */,
				E73311341D579F00008A7BA3 /* Launch Screen.storyboard in Resources */,
				E2EE73F21D2C9C0F00977AAA /* SignupLogin.storyboard in Resources */,
				E782BACC1D3EC57F00B0830C /* FriendSearch.storyboard in Resources */,
				E71769411D3DEA8E00CA167A /* GoogleService-Info.plist in Resources */,
				E79562C11D56A470008C45B5 /* Challenge.storyboard in Resources */,
				E7512D2E1D565BD600324D03 /* Onboarding.storyboard in Resources */,
			);
			runOnlyForDeploymentPostprocessing = 0;
		};
/* End PBXResourcesBuildPhase section */

/* Begin PBXShellScriptBuildPhase section */
		872C4752B834AA564A1D86A0 /* [CP] Check Pods Manifest.lock */ = {
			isa = PBXShellScriptBuildPhase;
			buildActionMask = 2147483647;
			files = (
			);
			inputPaths = (
			);
			name = "[CP] Check Pods Manifest.lock";
			outputPaths = (
			);
			runOnlyForDeploymentPostprocessing = 0;
			shellPath = /bin/sh;
			shellScript = "diff \"${PODS_ROOT}/../Podfile.lock\" \"${PODS_ROOT}/Manifest.lock\" > /dev/null\nif [[ $? != 0 ]] ; then\n    cat << EOM\nerror: The sandbox is not in sync with the Podfile.lock. Run 'pod install' or update your CocoaPods installation.\nEOM\n    exit 1\nfi\n";
			showEnvVarsInLog = 0;
		};
		B8AACD57A69C056DED987815 /* [CP] Embed Pods Frameworks */ = {
			isa = PBXShellScriptBuildPhase;
			buildActionMask = 2147483647;
			files = (
			);
			inputPaths = (
			);
			name = "[CP] Embed Pods Frameworks";
			outputPaths = (
			);
			runOnlyForDeploymentPostprocessing = 0;
			shellPath = /bin/sh;
			shellScript = "\"${SRCROOT}/Pods/Target Support Files/Pods-iChallenge/Pods-iChallenge-frameworks.sh\"\n";
			showEnvVarsInLog = 0;
		};
		C40865DBA6E78B671802B4AD /* [CP] Check Pods Manifest.lock */ = {
			isa = PBXShellScriptBuildPhase;
			buildActionMask = 2147483647;
			files = (
			);
			inputPaths = (
			);
			name = "[CP] Check Pods Manifest.lock";
			outputPaths = (
			);
			runOnlyForDeploymentPostprocessing = 0;
			shellPath = /bin/sh;
			shellScript = "diff \"${PODS_ROOT}/../Podfile.lock\" \"${PODS_ROOT}/Manifest.lock\" > /dev/null\nif [[ $? != 0 ]] ; then\n    cat << EOM\nerror: The sandbox is not in sync with the Podfile.lock. Run 'pod install' or update your CocoaPods installation.\nEOM\n    exit 1\nfi\n";
			showEnvVarsInLog = 0;
		};
		EDF987C0AE95AECB1387F8EF /* [CP] Copy Pods Resources */ = {
			isa = PBXShellScriptBuildPhase;
			buildActionMask = 2147483647;
			files = (
			);
			inputPaths = (
			);
			name = "[CP] Copy Pods Resources";
			outputPaths = (
			);
			runOnlyForDeploymentPostprocessing = 0;
			shellPath = /bin/sh;
			shellScript = "\"${SRCROOT}/Pods/Target Support Files/Pods-iChallenge/Pods-iChallenge-resources.sh\"\n";
			showEnvVarsInLog = 0;
		};
/* End PBXShellScriptBuildPhase section */

/* Begin PBXSourcesBuildPhase section */
		E7E785F91D2845CE005FB7B3 /* Sources */ = {
			isa = PBXSourcesBuildPhase;
			buildActionMask = 2147483647;
			files = (
				E7512D301D565C8000324D03 /* PageOneViewController.swift in Sources */,
				E2EE73F31D2C9C0F00977AAA /* SignupViewController.swift in Sources */,
				E75A25B21D47E515008014EB /* CreateChallengeViewCell.swift in Sources */,
				E2EE74071D2CDA5E00977AAA /* UIView+Extensions.swift in Sources */,
				E7596AC21D3FE6E000FA1884 /* FirebaseHelper.swift in Sources */,
				E73311311D56B9EE008A7BA3 /* MainFriendChallengesCollectionViewCell.swift in Sources */,
				E7512D361D565DF400324D03 /* OnboardingPageViewController.swift in Sources */,
				E79562B31D567342008C45B5 /* MainCompletedChallengesViewController.swift in Sources */,
				E733112F1D56A73F008A7BA3 /* MainCompletedChallengesViewCell.swift in Sources */,
				E2EE73F41D2C9C0F00977AAA /* WelcomeViewController.swift in Sources */,
				E261254E1D30161200BB1274 /* PhotoTakingHelper.swift in Sources */,
				E75A256C1D47E4A0008014EB /* CreateChallengeViewController.swift in Sources */,
				E782BAD21D3ECE7D00B0830C /* FriendSearchViewCell.swift in Sources */,
				E79562B51D567364008C45B5 /* MainFriendChallengesViewController.swift in Sources */,
				E79562B11D56731D008C45B5 /* MainChallengesViewController.swift in Sources */,
				E7E786011D2845CE005FB7B3 /* AppDelegate.swift in Sources */,
				E7512D341D565CAC00324D03 /* PageThreeViewController.swift in Sources */,
				E2EE74051D2CDA5E00977AAA /* CustomAnimation.swift in Sources */,
				E782BACE1D3ECA5200B0830C /* FriendSearchViewController.swift in Sources */,
				E79562B71D5678C0008C45B5 /* MainChallengesCollectionViewCell.swift in Sources */,
				E79562A91D5670EE008C45B5 /* MainPageViewController.swift in Sources */,
				E2EE74061D2CDA5E00977AAA /* UIColor+Extras.swift in Sources */,
				E24246411D2D723B00793533 /* ChallengeViewController.swift in Sources */,
				E24246501D2DB2DE00793533 /* Challenge.swift in Sources */,
				E2EE73F01D2C9C0F00977AAA /* ForgotPasswordViewController.swift in Sources */,
				E733113A1D57BA67008A7BA3 /* CompletedChallengeViewController.swift in Sources */,
				E742E0151D3D5CB8008543F9 /* User.swift in Sources */,
				E76413BD1D4BE13500D2F036 /* ImageConversionHelper.swift in Sources */,
				E7512D321D565C9700324D03 /* PageTwoViewController.swift in Sources */,
			);
			runOnlyForDeploymentPostprocessing = 0;
		};
/* End PBXSourcesBuildPhase section */

/* Begin XCBuildConfiguration section */
		E7E7860D1D2845CE005FB7B3 /* Debug */ = {
			isa = XCBuildConfiguration;
			buildSettings = {
				ALWAYS_SEARCH_USER_PATHS = NO;
				CLANG_ANALYZER_NONNULL = YES;
				CLANG_CXX_LANGUAGE_STANDARD = "gnu++0x";
				CLANG_CXX_LIBRARY = "libc++";
				CLANG_ENABLE_MODULES = YES;
				CLANG_ENABLE_OBJC_ARC = YES;
				CLANG_WARN_BOOL_CONVERSION = YES;
				CLANG_WARN_CONSTANT_CONVERSION = YES;
				CLANG_WARN_DIRECT_OBJC_ISA_USAGE = YES_ERROR;
				CLANG_WARN_EMPTY_BODY = YES;
				CLANG_WARN_ENUM_CONVERSION = YES;
				CLANG_WARN_INT_CONVERSION = YES;
				CLANG_WARN_OBJC_ROOT_CLASS = YES_ERROR;
				CLANG_WARN_UNREACHABLE_CODE = YES;
				CLANG_WARN__DUPLICATE_METHOD_MATCH = YES;
				"CODE_SIGN_IDENTITY[sdk=iphoneos*]" = "iPhone Developer";
				COPY_PHASE_STRIP = NO;
				DEBUG_INFORMATION_FORMAT = dwarf;
				ENABLE_STRICT_OBJC_MSGSEND = YES;
				ENABLE_TESTABILITY = YES;
				GCC_C_LANGUAGE_STANDARD = gnu99;
				GCC_DYNAMIC_NO_PIC = NO;
				GCC_NO_COMMON_BLOCKS = YES;
				GCC_OPTIMIZATION_LEVEL = 0;
				GCC_PREPROCESSOR_DEFINITIONS = (
					"DEBUG=1",
					"$(inherited)",
				);
				GCC_WARN_64_TO_32_BIT_CONVERSION = YES;
				GCC_WARN_ABOUT_RETURN_TYPE = YES_ERROR;
				GCC_WARN_UNDECLARED_SELECTOR = YES;
				GCC_WARN_UNINITIALIZED_AUTOS = YES_AGGRESSIVE;
				GCC_WARN_UNUSED_FUNCTION = YES;
				GCC_WARN_UNUSED_VARIABLE = YES;
				IPHONEOS_DEPLOYMENT_TARGET = 9.3;
				MTL_ENABLE_DEBUG_INFO = YES;
				ONLY_ACTIVE_ARCH = YES;
				SDKROOT = iphoneos;
				SWIFT_OPTIMIZATION_LEVEL = "-Onone";
				TARGETED_DEVICE_FAMILY = "1,2";
			};
			name = Debug;
		};
		E7E7860E1D2845CE005FB7B3 /* Release */ = {
			isa = XCBuildConfiguration;
			buildSettings = {
				ALWAYS_SEARCH_USER_PATHS = NO;
				CLANG_ANALYZER_NONNULL = YES;
				CLANG_CXX_LANGUAGE_STANDARD = "gnu++0x";
				CLANG_CXX_LIBRARY = "libc++";
				CLANG_ENABLE_MODULES = YES;
				CLANG_ENABLE_OBJC_ARC = YES;
				CLANG_WARN_BOOL_CONVERSION = YES;
				CLANG_WARN_CONSTANT_CONVERSION = YES;
				CLANG_WARN_DIRECT_OBJC_ISA_USAGE = YES_ERROR;
				CLANG_WARN_EMPTY_BODY = YES;
				CLANG_WARN_ENUM_CONVERSION = YES;
				CLANG_WARN_INT_CONVERSION = YES;
				CLANG_WARN_OBJC_ROOT_CLASS = YES_ERROR;
				CLANG_WARN_UNREACHABLE_CODE = YES;
				CLANG_WARN__DUPLICATE_METHOD_MATCH = YES;
				"CODE_SIGN_IDENTITY[sdk=iphoneos*]" = "iPhone Developer";
				COPY_PHASE_STRIP = NO;
				DEBUG_INFORMATION_FORMAT = "dwarf-with-dsym";
				ENABLE_NS_ASSERTIONS = NO;
				ENABLE_STRICT_OBJC_MSGSEND = YES;
				GCC_C_LANGUAGE_STANDARD = gnu99;
				GCC_NO_COMMON_BLOCKS = YES;
				GCC_WARN_64_TO_32_BIT_CONVERSION = YES;
				GCC_WARN_ABOUT_RETURN_TYPE = YES_ERROR;
				GCC_WARN_UNDECLARED_SELECTOR = YES;
				GCC_WARN_UNINITIALIZED_AUTOS = YES_AGGRESSIVE;
				GCC_WARN_UNUSED_FUNCTION = YES;
				GCC_WARN_UNUSED_VARIABLE = YES;
				IPHONEOS_DEPLOYMENT_TARGET = 9.3;
				MTL_ENABLE_DEBUG_INFO = NO;
				SDKROOT = iphoneos;
				TARGETED_DEVICE_FAMILY = "1,2";
				VALIDATE_PRODUCT = YES;
			};
			name = Release;
		};
		E7E786101D2845CE005FB7B3 /* Debug */ = {
			isa = XCBuildConfiguration;
			baseConfigurationReference = 21B335325C9FE751B0374B27 /* Pods-iChallenge.debug.xcconfig */;
			buildSettings = {
				ASSETCATALOG_COMPILER_APPICON_NAME = AppIcon;
				CODE_SIGN_IDENTITY = "iPhone Developer";
				"CODE_SIGN_IDENTITY[sdk=iphoneos*]" = "iPhone Developer";
				INFOPLIST_FILE = iChallenge/Info.plist;
				LD_RUNPATH_SEARCH_PATHS = "$(inherited) @executable_path/Frameworks";
				PRODUCT_BUNDLE_IDENTIFIER = com.Vitola.iChallenge;
				PRODUCT_NAME = "$(TARGET_NAME)";
				PROVISIONING_PROFILE = "";
				TARGETED_DEVICE_FAMILY = 1;
			};
			name = Debug;
		};
		E7E786111D2845CE005FB7B3 /* Release */ = {
			isa = XCBuildConfiguration;
			baseConfigurationReference = 57100A7A0D4E5825BC4F5D6C /* Pods-iChallenge.release.xcconfig */;
			buildSettings = {
				ASSETCATALOG_COMPILER_APPICON_NAME = AppIcon;
				CODE_SIGN_IDENTITY = "iPhone Developer";
				"CODE_SIGN_IDENTITY[sdk=iphoneos*]" = "iPhone Developer";
				INFOPLIST_FILE = iChallenge/Info.plist;
				LD_RUNPATH_SEARCH_PATHS = "$(inherited) @executable_path/Frameworks";
				PRODUCT_BUNDLE_IDENTIFIER = com.Vitola.iChallenge;
				PRODUCT_NAME = "$(TARGET_NAME)";
				PROVISIONING_PROFILE = "";
				TARGETED_DEVICE_FAMILY = 1;
			};
			name = Release;
		};
/* End XCBuildConfiguration section */

/* Begin XCConfigurationList section */
		E7E785F81D2845CE005FB7B3 /* Build configuration list for PBXProject "iChallenge" */ = {
			isa = XCConfigurationList;
			buildConfigurations = (
				E7E7860D1D2845CE005FB7B3 /* Debug */,
				E7E7860E1D2845CE005FB7B3 /* Release */,
			);
			defaultConfigurationIsVisible = 0;
			defaultConfigurationName = Release;
		};
		E7E7860F1D2845CE005FB7B3 /* Build configuration list for PBXNativeTarget "iChallenge" */ = {
			isa = XCConfigurationList;
			buildConfigurations = (
				E7E786101D2845CE005FB7B3 /* Debug */,
				E7E786111D2845CE005FB7B3 /* Release */,
			);
			defaultConfigurationIsVisible = 0;
			defaultConfigurationName = Release;
		};
/* End XCConfigurationList section */
	};
	rootObject = E7E785F51D2845CE005FB7B3 /* Project object */;
}
