PODS:
  - Bolts/Tasks (1.7.0)
  - Bond (4.3.1)
  - ConvenienceKit (0.4.0)
  - Material (1.41.2)
  - Parse (1.13.0):
    - Bolts/Tasks (~> 1.6)

DEPENDENCIES:
  - Bond
  - ConvenienceKit
  - Material
  - Parse

SPEC CHECKSUMS:
  Bolts: a0058fa3b331c5a1e4402d534f2dae36dbff31e4
  Bond: 55903fc67f09e8e49791a657163cabba1d6fb29d
  ConvenienceKit: ba1ad8797897dc0d011676e961a2f3e9b270c841
  Material: a695183e071df1136b6c386e482c6e4182649e26
  Parse: f51c24d2feb412e4b2d6cc73d37cb24e8d0089bc

PODFILE CHECKSUM: f5f0666bfed1b4c2a9f8de4c01a7baba80bc8481

COCOAPODS: 1.0.0
